// !$*UTF8*$!
{
	archiveVersion = 1;
	classes = {
	};
	objectVersion = 46;
	objects = {

/* Begin PBXBuildFile section */
		8C29ADC319E41A200003101E /* main.m in Sources */ = {isa = PBXBuildFile; fileRef = 8C29ADC219E41A200003101E /* main.m */; };
		8C29ADC619E41A200003101E /* AppDelegate.m in Sources */ = {isa = PBXBuildFile; fileRef = 8C29ADC519E41A200003101E /* AppDelegate.m */; };
		8C29ADC919E41A200003101E /* ViewController.m in Sources */ = {isa = PBXBuildFile; fileRef = 8C29ADC819E41A200003101E /* ViewController.m */; };
		8C29ADCC19E41A200003101E /* Main.storyboard in Resources */ = {isa = PBXBuildFile; fileRef = 8C29ADCA19E41A200003101E /* Main.storyboard */; };
		8C29ADCE19E41A200003101E /* Images.xcassets in Resources */ = {isa = PBXBuildFile; fileRef = 8C29ADCD19E41A200003101E /* Images.xcassets */; };
		8C29ADD119E41A200003101E /* LaunchScreen.xib in Resources */ = {isa = PBXBuildFile; fileRef = 8C29ADCF19E41A200003101E /* LaunchScreen.xib */; };
		8C29ADDD19E41A200003101E /* JKLogDispatcherDemoTests.m in Sources */ = {isa = PBXBuildFile; fileRef = 8C29ADDC19E41A200003101E /* JKLogDispatcherDemoTests.m */; };
		8C29ADF319E41ACD0003101E /* JKConsoleLogFormatter.m in Sources */ = {isa = PBXBuildFile; fileRef = 8C29ADF219E41ACD0003101E /* JKConsoleLogFormatter.m */; };
		CF7A576FD50A49FCB0C05E1B /* libPods-JKLogDispatcherDemo.a in Frameworks */ = {isa = PBXBuildFile; fileRef = EFBEAD1D03194C3090D20D27 /* libPods-JKLogDispatcherDemo.a */; };
/* End PBXBuildFile section */

/* Begin PBXContainerItemProxy section */
		8C29ADD719E41A200003101E /* PBXContainerItemProxy */ = {
			isa = PBXContainerItemProxy;
			containerPortal = 8C29ADB519E41A200003101E /* Project object */;
			proxyType = 1;
			remoteGlobalIDString = 8C29ADBC19E41A200003101E;
			remoteInfo = JKLogDispatcherDemo;
		};
/* End PBXContainerItemProxy section */

/* Begin PBXFileReference section */
		28DF4005520743A6B993F8B1 /* Pods-JKLogDispatcherDemo.xcconfig */ = {isa = PBXFileReference; includeInIndex = 1; lastKnownFileType = text.xcconfig; name = "Pods-JKLogDispatcherDemo.xcconfig"; path = "Pods/Pods-JKLogDispatcherDemo.xcconfig"; sourceTree = "<group>"; };
		8C29ADBD19E41A200003101E /* JKLogDispatcherDemo.app */ = {isa = PBXFileReference; explicitFileType = wrapper.application; includeInIndex = 0; path = JKLogDispatcherDemo.app; sourceTree = BUILT_PRODUCTS_DIR; };
		8C29ADC119E41A200003101E /* Info.plist */ = {isa = PBXFileReference; lastKnownFileType = text.plist.xml; path = Info.plist; sourceTree = "<group>"; };
		8C29ADC219E41A200003101E /* main.m */ = {isa = PBXFileReference; lastKnownFileType = sourcecode.c.objc; path = main.m; sourceTree = "<group>"; };
		8C29ADC419E41A200003101E /* AppDelegate.h */ = {isa = PBXFileReference; lastKnownFileType = sourcecode.c.h; path = AppDelegate.h; sourceTree = "<group>"; };
		8C29ADC519E41A200003101E /* AppDelegate.m */ = {isa = PBXFileReference; lastKnownFileType = sourcecode.c.objc; path = AppDelegate.m; sourceTree = "<group>"; };
		8C29ADC719E41A200003101E /* ViewController.h */ = {isa = PBXFileReference; lastKnownFileType = sourcecode.c.h; path = ViewController.h; sourceTree = "<group>"; };
		8C29ADC819E41A200003101E /* ViewController.m */ = {isa = PBXFileReference; lastKnownFileType = sourcecode.c.objc; path = ViewController.m; sourceTree = "<group>"; };
		8C29ADCB19E41A200003101E /* Base */ = {isa = PBXFileReference; lastKnownFileType = file.storyboard; name = Base; path = Base.lproj/Main.storyboard; sourceTree = "<group>"; };
		8C29ADCD19E41A200003101E /* Images.xcassets */ = {isa = PBXFileReference; lastKnownFileType = folder.assetcatalog; path = Images.xcassets; sourceTree = "<group>"; };
		8C29ADD019E41A200003101E /* Base */ = {isa = PBXFileReference; lastKnownFileType = file.xib; name = Base; path = Base.lproj/LaunchScreen.xib; sourceTree = "<group>"; };
		8C29ADD619E41A200003101E /* JKLogDispatcherDemoTests.xctest */ = {isa = PBXFileReference; explicitFileType = wrapper.cfbundle; includeInIndex = 0; path = JKLogDispatcherDemoTests.xctest; sourceTree = BUILT_PRODUCTS_DIR; };
		8C29ADDB19E41A200003101E /* Info.plist */ = {isa = PBXFileReference; lastKnownFileType = text.plist.xml; path = Info.plist; sourceTree = "<group>"; };
		8C29ADDC19E41A200003101E /* JKLogDispatcherDemoTests.m */ = {isa = PBXFileReference; lastKnownFileType = sourcecode.c.objc; path = JKLogDispatcherDemoTests.m; sourceTree = "<group>"; };
		8C29ADF119E41ACD0003101E /* JKConsoleLogFormatter.h */ = {isa = PBXFileReference; fileEncoding = 4; lastKnownFileType = sourcecode.c.h; path = JKConsoleLogFormatter.h; sourceTree = "<group>"; };
		8C29ADF219E41ACD0003101E /* JKConsoleLogFormatter.m */ = {isa = PBXFileReference; fileEncoding = 4; lastKnownFileType = sourcecode.c.objc; path = JKConsoleLogFormatter.m; sourceTree = "<group>"; };
		EFBEAD1D03194C3090D20D27 /* libPods-JKLogDispatcherDemo.a */ = {isa = PBXFileReference; explicitFileType = archive.ar; includeInIndex = 0; path = "libPods-JKLogDispatcherDemo.a"; sourceTree = BUILT_PRODUCTS_DIR; };
/* End PBXFileReference section */

/* Begin PBXFrameworksBuildPhase section */
		8C29ADBA19E41A200003101E /* Frameworks */ = {
			isa = PBXFrameworksBuildPhase;
			buildActionMask = 2147483647;
			files = (
				CF7A576FD50A49FCB0C05E1B /* libPods-JKLogDispatcherDemo.a in Frameworks */,
			);
			runOnlyForDeploymentPostprocessing = 0;
		};
		8C29ADD319E41A200003101E /* Frameworks */ = {
			isa = PBXFrameworksBuildPhase;
			buildActionMask = 2147483647;
			files = (
			);
			runOnlyForDeploymentPostprocessing = 0;
		};
/* End PBXFrameworksBuildPhase section */

/* Begin PBXGroup section */
		8C29ADB419E41A200003101E = {
			isa = PBXGroup;
			children = (
				8C29ADBF19E41A200003101E /* JKLogDispatcherDemo */,
				8C29ADD919E41A200003101E /* JKLogDispatcherDemoTests */,
				8C29ADBE19E41A200003101E /* Products */,
				28DF4005520743A6B993F8B1 /* Pods-JKLogDispatcherDemo.xcconfig */,
				C38AB1CFAD82431E99EC27AA /* Frameworks */,
			);
			sourceTree = "<group>";
		};
		8C29ADBE19E41A200003101E /* Products */ = {
			isa = PBXGroup;
			children = (
				8C29ADBD19E41A200003101E /* JKLogDispatcherDemo.app */,
				8C29ADD619E41A200003101E /* JKLogDispatcherDemoTests.xctest */,
			);
			name = Products;
			sourceTree = "<group>";
		};
		8C29ADBF19E41A200003101E /* JKLogDispatcherDemo */ = {
			isa = PBXGroup;
			children = (
				8C29ADF119E41ACD0003101E /* JKConsoleLogFormatter.h */,
				8C29ADF219E41ACD0003101E /* JKConsoleLogFormatter.m */,
				8C29ADC419E41A200003101E /* AppDelegate.h */,
				8C29ADC519E41A200003101E /* AppDelegate.m */,
				8C29ADC719E41A200003101E /* ViewController.h */,
				8C29ADC819E41A200003101E /* ViewController.m */,
				8C29ADCA19E41A200003101E /* Main.storyboard */,
				8C29ADCD19E41A200003101E /* Images.xcassets */,
				8C29ADCF19E41A200003101E /* LaunchScreen.xib */,
				8C29ADC019E41A200003101E /* Supporting Files */,
			);
			path = JKLogDispatcherDemo;
			sourceTree = "<group>";
		};
		8C29ADC019E41A200003101E /* Supporting Files */ = {
			isa = PBXGroup;
			children = (
				8C29ADC119E41A200003101E /* Info.plist */,
				8C29ADC219E41A200003101E /* main.m */,
			);
			name = "Supporting Files";
			sourceTree = "<group>";
		};
		8C29ADD919E41A200003101E /* JKLogDispatcherDemoTests */ = {
			isa = PBXGroup;
			children = (
				8C29ADDC19E41A200003101E /* JKLogDispatcherDemoTests.m */,
				8C29ADDA19E41A200003101E /* Supporting Files */,
			);
			path = JKLogDispatcherDemoTests;
			sourceTree = "<group>";
		};
		8C29ADDA19E41A200003101E /* Supporting Files */ = {
			isa = PBXGroup;
			children = (
				8C29ADDB19E41A200003101E /* Info.plist */,
			);
			name = "Supporting Files";
			sourceTree = "<group>";
		};
		C38AB1CFAD82431E99EC27AA /* Frameworks */ = {
			isa = PBXGroup;
			children = (
				EFBEAD1D03194C3090D20D27 /* libPods-JKLogDispatcherDemo.a */,
			);
			name = Frameworks;
			sourceTree = "<group>";
		};
/* End PBXGroup section */

/* Begin PBXNativeTarget section */
		8C29ADBC19E41A200003101E /* JKLogDispatcherDemo */ = {
			isa = PBXNativeTarget;
			buildConfigurationList = 8C29ADE019E41A200003101E /* Build configuration list for PBXNativeTarget "JKLogDispatcherDemo" */;
			buildPhases = (
				D2791CF4D6D145C3A4069D0B /* Check Pods Manifest.lock */,
				8C29ADB919E41A200003101E /* Sources */,
				8C29ADBA19E41A200003101E /* Frameworks */,
				8C29ADBB19E41A200003101E /* Resources */,
				34C8F38EA47C4B378D852EF3 /* Copy Pods Resources */,
			);
			buildRules = (
			);
			dependencies = (
			);
			name = JKLogDispatcherDemo;
			productName = JKLogDispatcherDemo;
			productReference = 8C29ADBD19E41A200003101E /* JKLogDispatcherDemo.app */;
			productType = "com.apple.product-type.application";
		};
		8C29ADD519E41A200003101E /* JKLogDispatcherDemoTests */ = {
			isa = PBXNativeTarget;
			buildConfigurationList = 8C29ADE319E41A200003101E /* Build configuration list for PBXNativeTarget "JKLogDispatcherDemoTests" */;
			buildPhases = (
				8C29ADD219E41A200003101E /* Sources */,
				8C29ADD319E41A200003101E /* Frameworks */,
				8C29ADD419E41A200003101E /* Resources */,
			);
			buildRules = (
			);
			dependencies = (
				8C29ADD819E41A200003101E /* PBXTargetDependency */,
			);
			name = JKLogDispatcherDemoTests;
			productName = JKLogDispatcherDemoTests;
			productReference = 8C29ADD619E41A200003101E /* JKLogDispatcherDemoTests.xctest */;
			productType = "com.apple.product-type.bundle.unit-test";
		};
/* End PBXNativeTarget section */

/* Begin PBXProject section */
		8C29ADB519E41A200003101E /* Project object */ = {
			isa = PBXProject;
			attributes = {
				LastUpgradeCheck = 0600;
				ORGANIZATIONNAME = Jackie;
				TargetAttributes = {
					8C29ADBC19E41A200003101E = {
						CreatedOnToolsVersion = 6.0.1;
					};
					8C29ADD519E41A200003101E = {
						CreatedOnToolsVersion = 6.0.1;
						TestTargetID = 8C29ADBC19E41A200003101E;
					};
				};
			};
			buildConfigurationList = 8C29ADB819E41A200003101E /* Build configuration list for PBXProject "JKLogDispatcherDemo" */;
			compatibilityVersion = "Xcode 3.2";
			developmentRegion = English;
			hasScannedForEncodings = 0;
			knownRegions = (
				en,
				Base,
			);
			mainGroup = 8C29ADB419E41A200003101E;
			productRefGroup = 8C29ADBE19E41A200003101E /* Products */;
			projectDirPath = "";
			projectRoot = "";
			targets = (
				8C29ADBC19E41A200003101E /* JKLogDispatcherDemo */,
				8C29ADD519E41A200003101E /* JKLogDispatcherDemoTests */,
			);
		};
/* End PBXProject section */

/* Begin PBXResourcesBuildPhase section */
		8C29ADBB19E41A200003101E /* Resources */ = {
			isa = PBXResourcesBuildPhase;
			buildActionMask = 2147483647;
			files = (
				8C29ADCC19E41A200003101E /* Main.storyboard in Resources */,
				8C29ADD119E41A200003101E /* LaunchScreen.xib in Resources */,
				8C29ADCE19E41A200003101E /* Images.xcassets in Resources */,
			);
			runOnlyForDeploymentPostprocessing = 0;
		};
		8C29ADD419E41A200003101E /* Resources */ = {
			isa = PBXResourcesBuildPhase;
			buildActionMask = 2147483647;
			files = (
			);
			runOnlyForDeploymentPostprocessing = 0;
		};
/* End PBXResourcesBuildPhase section */

/* Begin PBXShellScriptBuildPhase section */
		34C8F38EA47C4B378D852EF3 /* Copy Pods Resources */ = {
			isa = PBXShellScriptBuildPhase;
			buildActionMask = 2147483647;
			files = (
			);
			inputPaths = (
			);
			name = "Copy Pods Resources";
			outputPaths = (
			);
			runOnlyForDeploymentPostprocessing = 0;
			shellPath = /bin/sh;
			shellScript = "\"${SRCROOT}/Pods/Pods-JKLogDispatcherDemo-resources.sh\"\n";
			showEnvVarsInLog = 0;
		};
		D2791CF4D6D145C3A4069D0B /* Check Pods Manifest.lock */ = {
			isa = PBXShellScriptBuildPhase;
			buildActionMask = 2147483647;
			files = (
			);
			inputPaths = (
			);
			name = "Check Pods Manifest.lock";
			outputPaths = (
			);
			runOnlyForDeploymentPostprocessing = 0;
			shellPath = /bin/sh;
			shellScript = "diff \"${PODS_ROOT}/../Podfile.lock\" \"${PODS_ROOT}/Manifest.lock\" > /dev/null\nif [[ $? != 0 ]] ; then\n    cat << EOM\nerror: The sandbox is not in sync with the Podfile.lock. Run 'pod install' or update your CocoaPods installation.\nEOM\n    exit 1\nfi\n";
			showEnvVarsInLog = 0;
		};
/* End PBXShellScriptBuildPhase section */

/* Begin PBXSourcesBuildPhase section */
		8C29ADB919E41A200003101E /* Sources */ = {
			isa = PBXSourcesBuildPhase;
			buildActionMask = 2147483647;
			files = (
				8C29ADF319E41ACD0003101E /* JKConsoleLogFormatter.m in Sources */,
				8C29ADC919E41A200003101E /* ViewController.m in Sources */,
				8C29ADC619E41A200003101E /* AppDelegate.m in Sources */,
				8C29ADC319E41A200003101E /* main.m in Sources */,
			);
			runOnlyForDeploymentPostprocessing = 0;
		};
		8C29ADD219E41A200003101E /* Sources */ = {
			isa = PBXSourcesBuildPhase;
			buildActionMask = 2147483647;
			files = (
				8C29ADDD19E41A200003101E /* JKLogDispatcherDemoTests.m in Sources */,
			);
			runOnlyForDeploymentPostprocessing = 0;
		};
/* End PBXSourcesBuildPhase section */

/* Begin PBXTargetDependency section */
		8C29ADD819E41A200003101E /* PBXTargetDependency */ = {
			isa = PBXTargetDependency;
			target = 8C29ADBC19E41A200003101E /* JKLogDispatcherDemo */;
			targetProxy = 8C29ADD719E41A200003101E /* PBXContainerItemProxy */;
		};
/* End PBXTargetDependency section */

/* Begin PBXVariantGroup section */
		8C29ADCA19E41A200003101E /* Main.storyboard */ = {
			isa = PBXVariantGroup;
			children = (
				8C29ADCB19E41A200003101E /* Base */,
			);
			name = Main.storyboard;
			sourceTree = "<group>";
		};
		8C29ADCF19E41A200003101E /* LaunchScreen.xib */ = {
			isa = PBXVariantGroup;
			children = (
				8C29ADD019E41A200003101E /* Base */,
			);
			name = LaunchScreen.xib;
			sourceTree = "<group>";
		};
/* End PBXVariantGroup section */

/* Begin XCBuildConfiguration section */
		8C29ADDE19E41A200003101E /* Debug */ = {
			isa = XCBuildConfiguration;
			buildSettings = {
				ALWAYS_SEARCH_USER_PATHS = NO;
				CLANG_CXX_LANGUAGE_STANDARD = "gnu++0x";
				CLANG_CXX_LIBRARY = "libc++";
				CLANG_ENABLE_MODULES = YES;
				CLANG_ENABLE_OBJC_ARC = YES;
				CLANG_WARN_BOOL_CONVERSION = YES;
				CLANG_WARN_CONSTANT_CONVERSION = YES;
				CLANG_WARN_DIRECT_OBJC_ISA_USAGE = YES_ERROR;
				CLANG_WARN_EMPTY_BODY = YES;
				CLANG_WARN_ENUM_CONVERSION = YES;
				CLANG_WARN_INT_CONVERSION = YES;
				CLANG_WARN_OBJC_ROOT_CLASS = YES_ERROR;
				CLANG_WARN_UNREACHABLE_CODE = YES;
				CLANG_WARN__DUPLICATE_METHOD_MATCH = YES;
				"CODE_SIGN_IDENTITY[sdk=iphoneos*]" = "iPhone Developer";
				COPY_PHASE_STRIP = NO;
				ENABLE_STRICT_OBJC_MSGSEND = YES;
				GCC_C_LANGUAGE_STANDARD = gnu99;
				GCC_DYNAMIC_NO_PIC = NO;
				GCC_OPTIMIZATION_LEVEL = 0;
				GCC_PREPROCESSOR_DEFINITIONS = (
					"DEBUG=1",
					"$(inherited)",
				);
				GCC_SYMBOLS_PRIVATE_EXTERN = NO;
				GCC_WARN_64_TO_32_BIT_CONVERSION = YES;
				GCC_WARN_ABOUT_RETURN_TYPE = YES_ERROR;
				GCC_WARN_UNDECLARED_SELECTOR = YES;
				GCC_WARN_UNINITIALIZED_AUTOS = YES_AGGRESSIVE;
				GCC_WARN_UNUSED_FUNCTION = YES;
				GCC_WARN_UNUSED_VARIABLE = YES;
				IPHONEOS_DEPLOYMENT_TARGET = 8.0;
				MTL_ENABLE_DEBUG_INFO = YES;
				ONLY_ACTIVE_ARCH = YES;
				SDKROOT = iphoneos;
			};
			name = Debug;
		};
		8C29ADDF19E41A200003101E /* Release */ = {
			isa = XCBuildConfiguration;
			buildSettings = {
				ALWAYS_SEARCH_USER_PATHS = NO;
				CLANG_CXX_LANGUAGE_STANDARD = "gnu++0x";
				CLANG_CXX_LIBRARY = "libc++";
				CLANG_ENABLE_MODULES = YES;
				CLANG_ENABLE_OBJC_ARC = YES;
				CLANG_WARN_BOOL_CONVERSION = YES;
				CLANG_WARN_CONSTANT_CONVERSION = YES;
				CLANG_WARN_DIRECT_OBJC_ISA_USAGE = YES_ERROR;
				CLANG_WARN_EMPTY_BODY = YES;
				CLANG_WARN_ENUM_CONVERSION = YES;
				CLANG_WARN_INT_CONVERSION = YES;
				CLANG_WARN_OBJC_ROOT_CLASS = YES_ERROR;
				CLANG_WARN_UNREACHABLE_CODE = YES;
				CLANG_WARN__DUPLICATE_METHOD_MATCH = YES;
				"CODE_SIGN_IDENTITY[sdk=iphoneos*]" = "iPhone Developer";
				COPY_PHASE_STRIP = YES;
				ENABLE_NS_ASSERTIONS = NO;
				ENABLE_STRICT_OBJC_MSGSEND = YES;
				GCC_C_LANGUAGE_STANDARD = gnu99;
				GCC_WARN_64_TO_32_BIT_CONVERSION = YES;
				GCC_WARN_ABOUT_RETURN_TYPE = YES_ERROR;
				GCC_WARN_UNDECLARED_SELECTOR = YES;
				GCC_WARN_UNINITIALIZED_AUTOS = YES_AGGRESSIVE;
				GCC_WARN_UNUSED_FUNCTION = YES;
				GCC_WARN_UNUSED_VARIABLE = YES;
				IPHONEOS_DEPLOYMENT_TARGET = 8.0;
				MTL_ENABLE_DEBUG_INFO = NO;
				SDKROOT = iphoneos;
				VALIDATE_PRODUCT = YES;
			};
			name = Release;
		};
		8C29ADE119E41A200003101E /* Debug */ = {
			isa = XCBuildConfiguration;
			baseConfigurationReference = 28DF4005520743A6B993F8B1 /* Pods-JKLogDispatcherDemo.xcconfig */;
			buildSettings = {
				ASSETCATALOG_COMPILER_APPICON_NAME = AppIcon;
				INFOPLIST_FILE = JKLogDispatcherDemo/Info.plist;
				LD_RUNPATH_SEARCH_PATHS = "$(inherited) @executable_path/Frameworks";
				PRODUCT_NAME = "$(TARGET_NAME)";
			};
			name = Debug;
		};
		8C29ADE219E41A200003101E /* Release */ = {
			isa = XCBuildConfiguration;
			baseConfigurationReference = 28DF4005520743A6B993F8B1 /* Pods-JKLogDispatcherDemo.xcconfig */;
			buildSettings = {
				ASSETCATALOG_COMPILER_APPICON_NAME = AppIcon;
				INFOPLIST_FILE = JKLogDispatcherDemo/Info.plist;
				LD_RUNPATH_SEARCH_PATHS = "$(inherited) @executable_path/Frameworks";
				PRODUCT_NAME = "$(TARGET_NAME)";
			};
			name = Release;
		};
		8C29ADE419E41A200003101E /* Debug */ = {
			isa = XCBuildConfiguration;
			buildSettings = {
				BUNDLE_LOADER = "$(TEST_HOST)";
				FRAMEWORK_SEARCH_PATHS = (
					"$(SDKROOT)/Developer/Library/Frameworks",
					"$(inherited)",
				);
				GCC_PREPROCESSOR_DEFINITIONS = (
					"DEBUG=1",
					"$(inherited)",
				);
				INFOPLIST_FILE = JKLogDispatcherDemoTests/Info.plist;
				LD_RUNPATH_SEARCH_PATHS = "$(inherited) @executable_path/Frameworks @loader_path/Frameworks";
				PRODUCT_NAME = "$(TARGET_NAME)";
				TEST_HOST = "$(BUILT_PRODUCTS_DIR)/JKLogDispatcherDemo.app/JKLogDispatcherDemo";
			};
			name = Debug;
		};
		8C29ADE519E41A200003101E /* Release */ = {
			isa = XCBuildConfiguration;
			buildSettings = {
				BUNDLE_LOADER = "$(TEST_HOST)";
				FRAMEWORK_SEARCH_PATHS = (
					"$(SDKROOT)/Developer/Library/Frameworks",
					"$(inherited)",
				);
				INFOPLIST_FILE = JKLogDispatcherDemoTests/Info.plist;
				LD_RUNPATH_SEARCH_PATHS = "$(inherited) @executable_path/Frameworks @loader_path/Frameworks";
				PRODUCT_NAME = "$(TARGET_NAME)";
				TEST_HOST = "$(BUILT_PRODUCTS_DIR)/JKLogDispatcherDemo.app/JKLogDispatcherDemo";
			};
			name = Release;
		};
/* End XCBuildConfiguration section */

/* Begin XCConfigurationList section */
		8C29ADB819E41A200003101E /* Build configuration list for PBXProject "JKLogDispatcherDemo" */ = {
			isa = XCConfigurationList;
			buildConfigurations = (
				8C29ADDE19E41A200003101E /* Debug */,
				8C29ADDF19E41A200003101E /* Release */,
			);
			defaultConfigurationIsVisible = 0;
			defaultConfigurationName = Release;
		};
		8C29ADE019E41A200003101E /* Build configuration list for PBXNativeTarget "JKLogDispatcherDemo" */ = {
			isa = XCConfigurationList;
			buildConfigurations = (
				8C29ADE119E41A200003101E /* Debug */,
				8C29ADE219E41A200003101E /* Release */,
			);
			defaultConfigurationIsVisible = 0;
			defaultConfigurationName = Release;
		};
		8C29ADE319E41A200003101E /* Build configuration list for PBXNativeTarget "JKLogDispatcherDemoTests" */ = {
			isa = XCConfigurationList;
			buildConfigurations = (
				8C29ADE419E41A200003101E /* Debug */,
				8C29ADE519E41A200003101E /* Release */,
			);
			defaultConfigurationIsVisible = 0;
			defaultConfigurationName = Release;
		};
/* End XCConfigurationList section */
	};
	rootObject = 8C29ADB519E41A200003101E /* Project object */;
}
